# This file is automatically @generated by Poetry 1.5.1 and should not be changed by hand.

[[package]]
name = "flake8"
version = "7.0.0"
description = "the modular source code checker: pep8 pyflakes and co"
optional = false
python-versions = ">=3.8.1"
files = [
    {file = "flake8-7.0.0-py2.py3-none-any.whl", hash = "sha256:a6dfbb75e03252917f2473ea9653f7cd799c3064e54d4c8140044c5c065f53c3"},
    {file = "flake8-7.0.0.tar.gz", hash = "sha256:33f96621059e65eec474169085dc92bf26e7b2d47366b70be2f67ab80dc25132"},
]

[package.dependencies]
mccabe = ">=0.7.0,<0.8.0"
pycodestyle = ">=2.11.0,<2.12.0"
pyflakes = ">=3.2.0,<3.3.0"

[[package]]
name = "flake8-pyproject"
version = "1.2.3"
description = "Flake8 plug-in loading the configuration from pyproject.toml"
optional = false
python-versions = ">= 3.6"
files = [
    {file = "flake8_pyproject-1.2.3-py3-none-any.whl", hash = "sha256:6249fe53545205af5e76837644dc80b4c10037e73a0e5db87ff562d75fb5bd4a"},
]

[package.dependencies]
Flake8 = ">=5"

[package.extras]
dev = ["pyTest", "pyTest-cov"]

[[package]]
name = "mccabe"
version = "0.7.0"
description = "McCabe checker, plugin for flake8"
optional = false
python-versions = ">=3.6"
files = [
    {file = "mccabe-0.7.0-py2.py3-none-any.whl", hash = "sha256:6c2d30ab6be0e4a46919781807b4f0d834ebdd6c6e3dca0bda5a15f863427b6e"},
    {file = "mccabe-0.7.0.tar.gz", hash = "sha256:348e0240c33b60bbdf4e523192ef919f28cb2c3d7d5c7794f74009290f236325"},
]

[[package]]
name = "pycodestyle"
version = "2.11.1"
description = "Python style guide checker"
optional = false
python-versions = ">=3.8"
files = [
    {file = "pycodestyle-2.11.1-py2.py3-none-any.whl", hash = "sha256:44fe31000b2d866f2e41841b18528a505fbd7fef9017b04eff4e2648a0fadc67"},
    {file = "pycodestyle-2.11.1.tar.gz", hash = "sha256:41ba0e7afc9752dfb53ced5489e89f8186be00e599e712660695b7a75ff2663f"},
]

[[package]]
name = "pyflakes"
version = "3.2.0"
description = "passive checker of Python programs"
optional = false
python-versions = ">=3.8"
files = [
    {file = "pyflakes-3.2.0-py2.py3-none-any.whl", hash = "sha256:84b5be138a2dfbb40689ca07e2152deb896a65c3a3e24c251c5c62489568074a"},
    {file = "pyflakes-3.2.0.tar.gz", hash = "sha256:1c61603ff154621fb2a9172037d84dca3500def8c8b630657d1701f026f8af3f"},
]

[[package]]
name = "pyside6"
version = "6.7.0"
description = "Python bindings for the Qt cross-platform application and UI framework"
optional = false
python-versions = "<3.13,>=3.9"
files = [
    {file = "PySide6-6.7.0-cp39-abi3-macosx_11_0_universal2.whl", hash = "sha256:4e2f4ddb1d342ffd12558101c30095338da0db34c203e0d17de03e45c7762286"},
    {file = "PySide6-6.7.0-cp39-abi3-manylinux_2_28_x86_64.whl", hash = "sha256:64d6b5751f8d04aedc5e8ea53ddc6613b392919056511a988b790fd3a00f7d01"},
    {file = "PySide6-6.7.0-cp39-abi3-manylinux_2_31_aarch64.whl", hash = "sha256:edc541e37dcf41626a30e82bcdb061592a45424c0558f26523ac5140ec34b448"},
    {file = "PySide6-6.7.0-cp39-abi3-win_amd64.whl", hash = "sha256:190fb017b7f144b375f1a06b518b1241a78c15e7a073708a255d229687bc905a"},
]

[package.dependencies]
PySide6-Addons = "6.7.0"
PySide6-Essentials = "6.7.0"
shiboken6 = "6.7.0"

[[package]]
name = "pyside6-addons"
version = "6.7.0"
description = "Python bindings for the Qt cross-platform application and UI framework (Addons)"
optional = false
python-versions = "<3.13,>=3.9"
files = [
    {file = "PySide6_Addons-6.7.0-cp39-abi3-macosx_11_0_universal2.whl", hash = "sha256:a87645f0f2dcb2ebe4035ae53ccf329fe503ed394c9f0830de3bfc7205c14f63"},
    {file = "PySide6_Addons-6.7.0-cp39-abi3-manylinux_2_28_x86_64.whl", hash = "sha256:888df2a916f1d59984e2f351e7d5850da0a04103e39501eb7d6a9b150e7431e6"},
    {file = "PySide6_Addons-6.7.0-cp39-abi3-manylinux_2_31_aarch64.whl", hash = "sha256:0716410d3591c144be2fda3a6443fe13a7a88b4d91b45b05fd955782ac19613d"},
    {file = "PySide6_Addons-6.7.0-cp39-abi3-win_amd64.whl", hash = "sha256:d1712336b33b5a5784bbce4c9b1af984057ff1dc4fafbaf241c090ee9bc3788d"},
]

[package.dependencies]
PySide6-Essentials = "6.7.0"
shiboken6 = "6.7.0"

[[package]]
name = "pyside6-essentials"
version = "6.7.0"
description = "Python bindings for the Qt cross-platform application and UI framework (Essentials)"
optional = false
python-versions = "<3.13,>=3.9"
files = [
    {file = "PySide6_Essentials-6.7.0-cp39-abi3-macosx_11_0_universal2.whl", hash = "sha256:d229dae03b1825cc93deac785898b71576957d9fb97b1007897f30604ca5ecd1"},
    {file = "PySide6_Essentials-6.7.0-cp39-abi3-manylinux_2_28_x86_64.whl", hash = "sha256:e013238fe40596b804068e34ac173514943a41bf8e5fbb4edfc7c30b00431bd5"},
    {file = "PySide6_Essentials-6.7.0-cp39-abi3-manylinux_2_31_aarch64.whl", hash = "sha256:412db37d56982c1ad1e6536daaefe760177a9ab897ae147b926a7d6c8befcdd4"},
    {file = "PySide6_Essentials-6.7.0-cp39-abi3-win_amd64.whl", hash = "sha256:8489bd692380f79455955101194bfcf0cd6444825a1ef198907b4de1f976d8b4"},
]

[package.dependencies]
shiboken6 = "6.7.0"

[[package]]
name = "shiboken6"
version = "6.7.0"
description = "Python/C++ bindings helper module"
optional = false
python-versions = "<3.13,>=3.9"
files = [
    {file = "shiboken6-6.7.0-cp39-abi3-macosx_11_0_universal2.whl", hash = "sha256:32c53afea91a3c9f85b1908e50a1f96974e4d78bc63ee8dafa346fc0707a9786"},
    {file = "shiboken6-6.7.0-cp39-abi3-manylinux_2_28_x86_64.whl", hash = "sha256:7887ba7ecfddb09ee9966325c1e229a17f3f444b0257b77cb7838792287d3e05"},
    {file = "shiboken6-6.7.0-cp39-abi3-manylinux_2_31_aarch64.whl", hash = "sha256:5ac384f4f4c0bc5bdd7e6b9b1d36798c063107943a122ea6d123947321bcf315"},
    {file = "shiboken6-6.7.0-cp39-abi3-win_amd64.whl", hash = "sha256:1a65d4c046454ee78a2ce4d6c7268846a3bdff31f59d88638b9383f62938f4b8"},
]

[metadata]
lock-version = "2.0"
python-versions = "~3.11"
content-hash = "47790b6cbcf9931f0c087319c5c91d3e21076741609504f1e37eba9faf760f9a"
